// !$*UTF8*$!
{
	archiveVersion = 1;
	classes = {
	};
	objectVersion = 56;
	objects = {

/* Begin PBXBuildFile section */
		1F42080728DDF1AE0041A3D2 /* HW_3_6_GnilitskiyApp.swift in Sources */ = {isa = PBXBuildFile; fileRef = 1F42080628DDF1AE0041A3D2 /* HW_3_6_GnilitskiyApp.swift */; };
		1F42080928DDF1AE0041A3D2 /* ContentView.swift in Sources */ = {isa = PBXBuildFile; fileRef = 1F42080828DDF1AE0041A3D2 /* ContentView.swift */; };
		1F42080B28DDF1B10041A3D2 /* Assets.xcassets in Resources */ = {isa = PBXBuildFile; fileRef = 1F42080A28DDF1B10041A3D2 /* Assets.xcassets */; };
		1F42080E28DDF1B10041A3D2 /* Preview Assets.xcassets in Resources */ = {isa = PBXBuildFile; fileRef = 1F42080D28DDF1B10041A3D2 /* Preview Assets.xcassets */; };
		1F42081528DDF21C0041A3D2 /* RocketElement.swift in Sources */ = {isa = PBXBuildFile; fileRef = 1F42081428DDF21C0041A3D2 /* RocketElement.swift */; };
		1F42082528DF9D0E0041A3D2 /* TrafficStars.swift in Sources */ = {isa = PBXBuildFile; fileRef = 1F42082428DF9D0E0041A3D2 /* TrafficStars.swift */; };
		1F42082728DF9D430041A3D2 /* MoveStar.swift in Sources */ = {isa = PBXBuildFile; fileRef = 1F42082628DF9D430041A3D2 /* MoveStar.swift */; };
/* End PBXBuildFile section */

/* Begin PBXFileReference section */
		1F42080328DDF1AE0041A3D2 /* HW 3.6 Gnilitskiy.app */ = {isa = PBXFileReference; explicitFileType = wrapper.application; includeInIndex = 0; path = "HW 3.6 Gnilitskiy.app"; sourceTree = BUILT_PRODUCTS_DIR; };
		1F42080628DDF1AE0041A3D2 /* HW_3_6_GnilitskiyApp.swift */ = {isa = PBXFileReference; lastKnownFileType = sourcecode.swift; path = HW_3_6_GnilitskiyApp.swift; sourceTree = "<group>"; };
		1F42080828DDF1AE0041A3D2 /* ContentView.swift */ = {isa = PBXFileReference; lastKnownFileType = sourcecode.swift; path = ContentView.swift; sourceTree = "<group>"; };
		1F42080A28DDF1B10041A3D2 /* Assets.xcassets */ = {isa = PBXFileReference; lastKnownFileType = folder.assetcatalog; path = Assets.xcassets; sourceTree = "<group>"; };
		1F42080D28DDF1B10041A3D2 /* Preview Assets.xcassets */ = {isa = PBXFileReference; lastKnownFileType = folder.assetcatalog; path = "Preview Assets.xcassets"; sourceTree = "<group>"; };
		1F42081428DDF21C0041A3D2 /* RocketElement.swift */ = {isa = PBXFileReference; lastKnownFileType = sourcecode.swift; path = RocketElement.swift; sourceTree = "<group>"; };
		1F42082428DF9D0E0041A3D2 /* TrafficStars.swift */ = {isa = PBXFileReference; lastKnownFileType = sourcecode.swift; path = TrafficStars.swift; sourceTree = "<group>"; };
		1F42082628DF9D430041A3D2 /* MoveStar.swift */ = {isa = PBXFileReference; lastKnownFileType = sourcecode.swift; path = MoveStar.swift; sourceTree = "<group>"; };
/* End PBXFileReference section */

/* Begin PBXFrameworksBuildPhase section */
		1F42080028DDF1AE0041A3D2 /* Frameworks */ = {
			isa = PBXFrameworksBuildPhase;
			buildActionMask = 2147483647;
			files = (
			);
			runOnlyForDeploymentPostprocessing = 0;
		};
/* End PBXFrameworksBuildPhase section */

/* Begin PBXGroup section */
		1F4207FA28DDF1AE0041A3D2 = {
			isa = PBXGroup;
			children = (
				1F42080528DDF1AE0041A3D2 /* HW 3.6 Gnilitskiy */,
				1F42080428DDF1AE0041A3D2 /* Products */,
			);
			sourceTree = "<group>";
		};
		1F42080428DDF1AE0041A3D2 /* Products */ = {
			isa = PBXGroup;
			children = (
				1F42080328DDF1AE0041A3D2 /* HW 3.6 Gnilitskiy.app */,
			);
			name = Products;
			sourceTree = "<group>";
		};
		1F42080528DDF1AE0041A3D2 /* HW 3.6 Gnilitskiy */ = {
			isa = PBXGroup;
			children = (
				1F42080628DDF1AE0041A3D2 /* HW_3_6_GnilitskiyApp.swift */,
				1F42080828DDF1AE0041A3D2 /* ContentView.swift */,
				1F42081428DDF21C0041A3D2 /* RocketElement.swift */,
				1F42082428DF9D0E0041A3D2 /* TrafficStars.swift */,
				1F42082628DF9D430041A3D2 /* MoveStar.swift */,
				1F42080A28DDF1B10041A3D2 /* Assets.xcassets */,
				1F42080C28DDF1B10041A3D2 /* Preview Content */,
			);
			path = "HW 3.6 Gnilitskiy";
			sourceTree = "<group>";
		};
		1F42080C28DDF1B10041A3D2 /* Preview Content */ = {
			isa = PBXGroup;
			children = (
				1F42080D28DDF1B10041A3D2 /* Preview Assets.xcassets */,
			);
			path = "Preview Content";
			sourceTree = "<group>";
		};
/* End PBXGroup section */

/* Begin PBXNativeTarget section */
		1F42080228DDF1AE0041A3D2 /* HW 3.6 Gnilitskiy */ = {
			isa = PBXNativeTarget;
			buildConfigurationList = 1F42081128DDF1B10041A3D2 /* Build configuration list for PBXNativeTarget "HW 3.6 Gnilitskiy" */;
			buildPhases = (
				1F4207FF28DDF1AE0041A3D2 /* Sources */,
				1F42080028DDF1AE0041A3D2 /* Frameworks */,
				1F42080128DDF1AE0041A3D2 /* Resources */,
			);
			buildRules = (
			);
			dependencies = (
			);
			name = "HW 3.6 Gnilitskiy";
			productName = "HW 3.6 Gnilitskiy";
			productReference = 1F42080328DDF1AE0041A3D2 /* HW 3.6 Gnilitskiy.app */;
			productType = "com.apple.product-type.application";
		};
/* End PBXNativeTarget section */

/* Begin PBXProject section */
		1F4207FB28DDF1AE0041A3D2 /* Project object */ = {
			isa = PBXProject;
			attributes = {
				BuildIndependentTargetsInParallel = 1;
				LastSwiftUpdateCheck = 1400;
				LastUpgradeCheck = 1400;
				TargetAttributes = {
					1F42080228DDF1AE0041A3D2 = {
						CreatedOnToolsVersion = 14.0;
					};
				};
			};
			buildConfigurationList = 1F4207FE28DDF1AE0041A3D2 /* Build configuration list for PBXProject "HW 3.6 Gnilitskiy" */;
			compatibilityVersion = "Xcode 14.0";
			developmentRegion = en;
			hasScannedForEncodings = 0;
			knownRegions = (
				en,
				Base,
			);
			mainGroup = 1F4207FA28DDF1AE0041A3D2;
			productRefGroup = 1F42080428DDF1AE0041A3D2 /* Products */;
			projectDirPath = "";
			projectRoot = "";
			targets = (
				1F42080228DDF1AE0041A3D2 /* HW 3.6 Gnilitskiy */,
			);
		};
/* End PBXProject section */

/* Begin PBXResourcesBuildPhase section */
		1F42080128DDF1AE0041A3D2 /* Resources */ = {
			isa = PBXResourcesBuildPhase;
			buildActionMask = 2147483647;
			files = (
				1F42080E28DDF1B10041A3D2 /* Preview Assets.xcassets in Resources */,
				1F42080B28DDF1B10041A3D2 /* Assets.xcassets in Resources */,
			);
			runOnlyForDeploymentPostprocessing = 0;
		};
/* End PBXResourcesBuildPhase section */

/* Begin PBXSourcesBuildPhase section */
		1F4207FF28DDF1AE0041A3D2 /* Sources */ = {
			isa = PBXSourcesBuildPhase;
			buildActionMask = 2147483647;
			files = (
				1F42080928DDF1AE0041A3D2 /* ContentView.swift in Sources */,
				1F42082528DF9D0E0041A3D2 /* TrafficStars.swift in Sources */,
				1F42080728DDF1AE0041A3D2 /* HW_3_6_GnilitskiyApp.swift in Sources */,
				1F42082728DF9D430041A3D2 /* MoveStar.swift in Sources */,
				1F42081528DDF21C0041A3D2 /* RocketElement.swift in Sources */,
			);
			runOnlyForDeploymentPostprocessing = 0;
		};
/* End PBXSourcesBuildPhase section */

/* Begin XCBuildConfiguration section */
		1F42080F28DDF1B10041A3D2 /* Debug */ = {
			isa = XCBuildConfiguration;
			buildSettings = {
				ALWAYS_SEARCH_USER_PATHS = NO;
				CLANG_ANALYZER_NONNULL = YES;
				CLANG_ANALYZER_NUMBER_OBJECT_CONVERSION = YES_AGGRESSIVE;
				CLANG_CXX_LANGUAGE_STANDARD = "gnu++20";
				CLANG_ENABLE_MODULES = YES;
				CLANG_ENABLE_OBJC_ARC = YES;
				CLANG_ENABLE_OBJC_WEAK = YES;
				CLANG_WARN_BLOCK_CAPTURE_AUTORELEASING = YES;
				CLANG_WARN_BOOL_CONVERSION = YES;
				CLANG_WARN_COMMA = YES;
				CLANG_WARN_CONSTANT_CONVERSION = YES;
				CLANG_WARN_DEPRECATED_OBJC_IMPLEMENTATIONS = YES;
				CLANG_WARN_DIRECT_OBJC_ISA_USAGE = YES_ERROR;
				CLANG_WARN_DOCUMENTATION_COMMENTS = YES;
				CLANG_WARN_EMPTY_BODY = YES;
				CLANG_WARN_ENUM_CONVERSION = YES;
				CLANG_WARN_INFINITE_RECURSION = YES;
				CLANG_WARN_INT_CONVERSION = YES;
				CLANG_WARN_NON_LITERAL_NULL_CONVERSION = YES;
				CLANG_WARN_OBJC_IMPLICIT_RETAIN_SELF = YES;
				CLANG_WARN_OBJC_LITERAL_CONVERSION = YES;
				CLANG_WARN_OBJC_ROOT_CLASS = YES_ERROR;
				CLANG_WARN_QUOTED_INCLUDE_IN_FRAMEWORK_HEADER = YES;
				CLANG_WARN_RANGE_LOOP_ANALYSIS = YES;
				CLANG_WARN_STRICT_PROTOTYPES = YES;
				CLANG_WARN_SUSPICIOUS_MOVE = YES;
				CLANG_WARN_UNGUARDED_AVAILABILITY = YES_AGGRESSIVE;
				CLANG_WARN_UNREACHABLE_CODE = YES;
				CLANG_WARN__DUPLICATE_METHOD_MATCH = YES;
				COPY_PHASE_STRIP = NO;
				DEBUG_INFORMATION_FORMAT = dwarf;
				ENABLE_STRICT_OBJC_MSGSEND = YES;
				ENABLE_TESTABILITY = YES;
				GCC_C_LANGUAGE_STANDARD = gnu11;
				GCC_DYNAMIC_NO_PIC = NO;
				GCC_NO_COMMON_BLOCKS = YES;
				GCC_OPTIMIZATION_LEVEL = 0;
				GCC_PREPROCESSOR_DEFINITIONS = (
					"DEBUG=1",
					"$(inherited)",
				);
				GCC_WARN_64_TO_32_BIT_CONVERSION = YES;
				GCC_WARN_ABOUT_RETURN_TYPE = YES_ERROR;
				GCC_WARN_UNDECLARED_SELECTOR = YES;
				GCC_WARN_UNINITIALIZED_AUTOS = YES_AGGRESSIVE;
				GCC_WARN_UNUSED_FUNCTION = YES;
				GCC_WARN_UNUSED_VARIABLE = YES;
				IPHONEOS_DEPLOYMENT_TARGET = 16.0;
				MTL_ENABLE_DEBUG_INFO = INCLUDE_SOURCE;
				MTL_FAST_MATH = YES;
				ONLY_ACTIVE_ARCH = YES;
				SDKROOT = iphoneos;
				SWIFT_ACTIVE_COMPILATION_CONDITIONS = DEBUG;
				SWIFT_OPTIMIZATION_LEVEL = "-Onone";
			};
			name = Debug;
		};
		1F42081028DDF1B10041A3D2 /* Release */ = {
			isa = XCBuildConfiguration;
			buildSettings = {
				ALWAYS_SEARCH_USER_PATHS = NO;
				CLANG_ANALYZER_NONNULL = YES;
				CLANG_ANALYZER_NUMBER_OBJECT_CONVERSION = YES_AGGRESSIVE;
				CLANG_CXX_LANGUAGE_STANDARD = "gnu++20";
				CLANG_ENABLE_MODULES = YES;
				CLANG_ENABLE_OBJC_ARC = YES;
				CLANG_ENABLE_OBJC_WEAK = YES;
				CLANG_WARN_BLOCK_CAPTURE_AUTORELEASING = YES;
				CLANG_WARN_BOOL_CONVERSION = YES;
				CLANG_WARN_COMMA = YES;
				CLANG_WARN_CONSTANT_CONVERSION = YES;
				CLANG_WARN_DEPRECATED_OBJC_IMPLEMENTATIONS = YES;
				CLANG_WARN_DIRECT_OBJC_ISA_USAGE = YES_ERROR;
				CLANG_WARN_DOCUMENTATION_COMMENTS = YES;
				CLANG_WARN_EMPTY_BODY = YES;
				CLANG_WARN_ENUM_CONVERSION = YES;
				CLANG_WARN_INFINITE_RECURSION = YES;
				CLANG_WARN_INT_CONVERSION = YES;
				CLANG_WARN_NON_LITERAL_NULL_CONVERSION = YES;
				CLANG_WARN_OBJC_IMPLICIT_RETAIN_SELF = YES;
				CLANG_WARN_OBJC_LITERAL_CONVERSION = YES;
				CLANG_WARN_OBJC_ROOT_CLASS = YES_ERROR;
				CLANG_WARN_QUOTED_INCLUDE_IN_FRAMEWORK_HEADER = YES;
				CLANG_WARN_RANGE_LOOP_ANALYSIS = YES;
				CLANG_WARN_STRICT_PROTOTYPES = YES;
				CLANG_WARN_SUSPICIOUS_MOVE = YES;
				CLANG_WARN_UNGUARDED_AVAILABILITY = YES_AGGRESSIVE;
				CLANG_WARN_UNREACHABLE_CODE = YES;
				CLANG_WARN__DUPLICATE_METHOD_MATCH = YES;
				COPY_PHASE_STRIP = NO;
				DEBUG_INFORMATION_FORMAT = "dwarf-with-dsym";
				ENABLE_NS_ASSERTIONS = NO;
				ENABLE_STRICT_OBJC_MSGSEND = YES;
				GCC_C_LANGUAGE_STANDARD = gnu11;
				GCC_NO_COMMON_BLOCKS = YES;
				GCC_WARN_64_TO_32_BIT_CONVERSION = YES;
				GCC_WARN_ABOUT_RETURN_TYPE = YES_ERROR;
				GCC_WARN_UNDECLARED_SELECTOR = YES;
				GCC_WARN_UNINITIALIZED_AUTOS = YES_AGGRESSIVE;
				GCC_WARN_UNUSED_FUNCTION = YES;
				GCC_WARN_UNUSED_VARIABLE = YES;
				IPHONEOS_DEPLOYMENT_TARGET = 16.0;
				MTL_ENABLE_DEBUG_INFO = NO;
				MTL_FAST_MATH = YES;
				SDKROOT = iphoneos;
				SWIFT_COMPILATION_MODE = wholemodule;
				SWIFT_OPTIMIZATION_LEVEL = "-O";
				VALIDATE_PRODUCT = YES;
			};
			name = Release;
		};
		1F42081228DDF1B10041A3D2 /* Debug */ = {
			isa = XCBuildConfiguration;
			buildSettings = {
				ASSETCATALOG_COMPILER_APPICON_NAME = AppIcon;
				ASSETCATALOG_COMPILER_GLOBAL_ACCENT_COLOR_NAME = AccentColor;
				CODE_SIGN_STYLE = Automatic;
				CURRENT_PROJECT_VERSION = 1;
				DEVELOPMENT_ASSET_PATHS = "\"HW 3.6 Gnilitskiy/Preview Content\"";
				DEVELOPMENT_TEAM = 3Y6F75U8FC;
				ENABLE_PREVIEWS = YES;
				GENERATE_INFOPLIST_FILE = YES;
				INFOPLIST_KEY_UIApplicationSceneManifest_Generation = YES;
				INFOPLIST_KEY_UIApplicationSupportsIndirectInputEvents = YES;
				INFOPLIST_KEY_UILaunchScreen_Generation = YES;
				INFOPLIST_KEY_UISupportedInterfaceOrientations_iPad = "UIInterfaceOrientationPortrait UIInterfaceOrientationPortraitUpsideDown UIInterfaceOrientationLandscapeLeft UIInterfaceOrientationLandscapeRight";
				INFOPLIST_KEY_UISupportedInterfaceOrientations_iPhone = "UIInterfaceOrientationPortrait UIInterfaceOrientationLandscapeLeft UIInterfaceOrientationLandscapeRight";
				LD_RUNPATH_SEARCH_PATHS = (
					"$(inherited)",
					"@executable_path/Frameworks",
				);
				MARKETING_VERSION = 1.0;
				PRODUCT_BUNDLE_IDENTIFIER = "A.Gnilitskiy.HW-3-6-Gnilitskiy";
				PRODUCT_NAME = "$(TARGET_NAME)";
				SWIFT_EMIT_LOC_STRINGS = YES;
				SWIFT_VERSION = 5.0;
				TARGETED_DEVICE_FAMILY = "1,2";
			};
			name = Debug;
		};
		1F42081328DDF1B10041A3D2 /* Release */ = {
			isa = XCBuildConfiguration;
			buildSettings = {
				ASSETCATALOG_COMPILER_APPICON_NAME = AppIcon;
				ASSETCATALOG_COMPILER_GLOBAL_ACCENT_COLOR_NAME = AccentColor;
				CODE_SIGN_STYLE = Automatic;
				CURRENT_PROJECT_VERSION = 1;
				DEVELOPMENT_ASSET_PATHS = "\"HW 3.6 Gnilitskiy/Preview Content\"";
				DEVELOPMENT_TEAM = 3Y6F75U8FC;
				ENABLE_PREVIEWS = YES;
				GENERATE_INFOPLIST_FILE = YES;
				INFOPLIST_KEY_UIApplicationSceneManifest_Generation = YES;
				INFOPLIST_KEY_UIApplicationSupportsIndirectInputEvents = YES;
				INFOPLIST_KEY_UILaunchScreen_Generation = YES;
				INFOPLIST_KEY_UISupportedInterfaceOrientations_iPad = "UIInterfaceOrientationPortrait UIInterfaceOrientationPortraitUpsideDown UIInterfaceOrientationLandscapeLeft UIInterfaceOrientationLandscapeRight";
				INFOPLIST_KEY_UISupportedInterfaceOrientations_iPhone = "UIInterfaceOrientationPortrait UIInterfaceOrientationLandscapeLeft UIInterfaceOrientationLandscapeRight";
				LD_RUNPATH_SEARCH_PATHS = (
					"$(inherited)",
					"@executable_path/Frameworks",
				);
				MARKETING_VERSION = 1.0;
				PRODUCT_BUNDLE_IDENTIFIER = "A.Gnilitskiy.HW-3-6-Gnilitskiy";
				PRODUCT_NAME = "$(TARGET_NAME)";
				SWIFT_EMIT_LOC_STRINGS = YES;
				SWIFT_VERSION = 5.0;
				TARGETED_DEVICE_FAMILY = "1,2";
			};
			name = Release;
		};
/* End XCBuildConfiguration section */

/* Begin XCConfigurationList section */
		1F4207FE28DDF1AE0041A3D2 /* Build configuration list for PBXProject "HW 3.6 Gnilitskiy" */ = {
			isa = XCConfigurationList;
			buildConfigurations = (
				1F42080F28DDF1B10041A3D2 /* Debug */,
				1F42081028DDF1B10041A3D2 /* Release */,
			);
			defaultConfigurationIsVisible = 0;
			defaultConfigurationName = Release;
		};
		1F42081128DDF1B10041A3D2 /* Build configuration list for PBXNativeTarget "HW 3.6 Gnilitskiy" */ = {
			isa = XCConfigurationList;
			buildConfigurations = (
				1F42081228DDF1B10041A3D2 /* Debug */,
				1F42081328DDF1B10041A3D2 /* Release */,
			);
			defaultConfigurationIsVisible = 0;
			defaultConfigurationName = Release;
		};
/* End XCConfigurationList section */
	};
	rootObject = 1F4207FB28DDF1AE0041A3D2 /* Project object */;
}
